
Microsoft Visual Studio Solution File, Format Version 12.00
# Visual Studio Version 17
VisualStudioVersion = 17.14.36408.4
MinimumVisualStudioVersion = 10.0.40219.1
Project("{FAE04EC0-301F-11D3-BF4B-00C04F79EFBC}") = "BulkyWeb", "BulkyWeb\BulkyWeb.csproj", "{E21400E1-4C1C-421A-98A2-FF1899671743}"
EndProject
Project("{FAE04EC0-301F-11D3-BF4B-00C04F79EFBC}") = "BulkyWebRazor_Temp", "BulkyWebRazor_Temp\BulkyWebRazor_Temp.csproj", "{6634D7F6-1CCE-40E3-A2E5-C7221CE3643F}"
EndProject
Global
	GlobalSection(SolutionConfigurationPlatforms) = preSolution
		Debug|Any CPU = Debug|Any CPU
		Release|Any CPU = Release|Any CPU
	EndGlobalSection
	GlobalSection(ProjectConfigurationPlatforms) = postSolution
		{E21400E1-4C1C-421A-98A2-FF1899671743}.Debug|Any CPU.ActiveCfg = Debug|Any CPU
		{E21400E1-4C1C-421A-98A2-FF1899671743}.Debug|Any CPU.Build.0 = Debug|Any CPU
		{E21400E1-4C1C-421A-98A2-FF1899671743}.Release|Any CPU.ActiveCfg = Release|Any CPU
		{E21400E1-4C1C-421A-98A2-FF1899671743}.Release|Any CPU.Build.0 = Release|Any CPU
		{6634D7F6-1CCE-40E3-A2E5-C7221CE3643F}.Debug|Any CPU.ActiveCfg = Debug|Any CPU
		{6634D7F6-1CCE-40E3-A2E5-C7221CE3643F}.Debug|Any CPU.Build.0 = Debug|Any CPU
		{6634D7F6-1CCE-40E3-A2E5-C7221CE3643F}.Release|Any CPU.ActiveCfg = Release|Any CPU
		{6634D7F6-1CCE-40E3-A2E5-C7221CE3643F}.Release|Any CPU.Build.0 = Release|Any CPU
	EndGlobalSection
	GlobalSection(SolutionProperties) = preSolution
		HideSolutionNode = FALSE
	EndGlobalSection
	GlobalSection(ExtensibilityGlobals) = postSolution
		SolutionGuid = {69E9DDCE-DEC5-4996-A65B-5C92864BB12B}
	EndGlobalSection
EndGlobal
